# This file is automatically @generated by Poetry 1.5.1 and should not be changed by hand.

[[package]]
name = "importlib-resources"
version = "5.12.0"
description = "Read resources from Python packages"
optional = false
python-versions = ">=3.7"
files = [
    {file = "importlib_resources-5.12.0-py3-none-any.whl", hash = "sha256:7b1deeebbf351c7578e09bf2f63fa2ce8b5ffec296e0d349139d43cca061a81a"},
    {file = "importlib_resources-5.12.0.tar.gz", hash = "sha256:4be82589bf5c1d7999aedf2a45159d10cb3ca4f19b2271f8792bc8e6da7b22f6"},
]

[package.dependencies]
zipp = {version = ">=3.1.0", markers = "python_version < \"3.10\""}

[package.extras]
docs = ["furo", "jaraco.packaging (>=9)", "jaraco.tidelift (>=1.4)", "rst.linker (>=1.9)", "sphinx (>=3.5)", "sphinx-lint"]
testing = ["flake8 (<5)", "pytest (>=6)", "pytest-black (>=0.3.7)", "pytest-checkdocs (>=2.4)", "pytest-cov", "pytest-enabler (>=1.3)", "pytest-flake8", "pytest-mypy (>=0.9.1)"]

[[package]]
name = "libusb-package"
version = "1.0.26.2"
description = "Package containing libusb so it can be installed via Python package managers"
optional = false
python-versions = ">=3.7"
files = [
    {file = "libusb_package-1.0.26.2-cp310-cp310-macosx_10_9_x86_64.whl", hash = "sha256:75ab092f84ee6cf61d25cf8b4f491b2488d8596d035d8347663c5ef6d58219ab"},
    {file = "libusb_package-1.0.26.2-cp310-cp310-macosx_11_0_arm64.whl", hash = "sha256:992481beecac68fb1978b62da83eae5e34c79e4ae16a9104826b4f9c5b121beb"},
    {file = "libusb_package-1.0.26.2-cp310-cp310-manylinux_2_17_aarch64.manylinux2014_aarch64.whl", hash = "sha256:c56fabcd61c27c731e3a2f682a51cf91608a908d83d93f69c2431412a01c70fb"},
    {file = "libusb_package-1.0.26.2-cp310-cp310-manylinux_2_17_i686.manylinux2014_i686.whl", hash = "sha256:9a6baa282fae2733389f16a3356e74a627a5d30d9b96e0a42f8080aa8799a513"},
    {file = "libusb_package-1.0.26.2-cp310-cp310-manylinux_2_17_x86_64.manylinux2014_x86_64.whl", hash = "sha256:1f2409346c53d861cfef4663c003a217334fcd02a38b5521722ec385758a53db"},
    {file = "libusb_package-1.0.26.2-cp310-cp310-musllinux_1_1_aarch64.whl", hash = "sha256:8b5b8fc1d09daad512999ac4539cb224ec6379e08883f6d3f581875a98a94f05"},
    {file = "libusb_package-1.0.26.2-cp310-cp310-musllinux_1_1_i686.whl", hash = "sha256:942217aac7364e6055b8b10b5186dd852e7fc167849adc3de067943b7c461cee"},
    {file = "libusb_package-1.0.26.2-cp310-cp310-musllinux_1_1_x86_64.whl", hash = "sha256:e566aa04957ae61c0c2eb4ec70e7767520fe79c5b9cae2ebbf5eaddbff73ea58"},
    {file = "libusb_package-1.0.26.2-cp310-cp310-win32.whl", hash = "sha256:32e03d0bfbb295cce3a37a18bca70b1f81b139fd8ae835fc0b91b1270b379e5b"},
    {file = "libusb_package-1.0.26.2-cp310-cp310-win_amd64.whl", hash = "sha256:b1e70b24d9a7aa10cc9ce52a7139037e22d4444b152d54770c7c9342cf5e8781"},
    {file = "libusb_package-1.0.26.2-cp311-cp311-macosx_10_9_x86_64.whl", hash = "sha256:4aacc4fe1bf4cd892137f56c9783c81b388c80a249e8afacb1374ac52543e8f2"},
    {file = "libusb_package-1.0.26.2-cp311-cp311-macosx_11_0_arm64.whl", hash = "sha256:1f2f14051983c8869296a1e1659c68e1796a42b5723b2698a30d6aa0e295696a"},
    {file = "libusb_package-1.0.26.2-cp311-cp311-manylinux_2_17_aarch64.manylinux2014_aarch64.whl", hash = "sha256:73e910401d9a9c127b039e16e8b6a1ba4ec8d21a405e6cf12d7ed5ba207058b0"},
    {file = "libusb_package-1.0.26.2-cp311-cp311-manylinux_2_17_i686.manylinux2014_i686.whl", hash = "sha256:2b300f0ad23a986e7085731bb6a622619c550e5df6649463492d4c6c44f8c9d5"},
    {file = "libusb_package-1.0.26.2-cp311-cp311-manylinux_2_17_x86_64.manylinux2014_x86_64.whl", hash = "sha256:08fd35ee52119ae322b10288d9a411e82c9cd87e82ad1d13d63e024236b6d6ba"},
    {file = "libusb_package-1.0.26.2-cp311-cp311-musllinux_1_1_aarch64.whl", hash = "sha256:16089823afced6e407eb39b4519e9c094d17be759a1b0bb1976d581e7b2382ae"},
    {file = "libusb_package-1.0.26.2-cp311-cp311-musllinux_1_1_i686.whl", hash = "sha256:b8a0208b1bc9b2e2b7097d33a7e24f4268e189b05ee5267f57e7346802653b9f"},
    {file = "libusb_package-1.0.26.2-cp311-cp311-musllinux_1_1_x86_64.whl", hash = "sha256:ec40b8a81df4ec972f494db1e0848d38b2a2c117f001aae0e4c739feec50205f"},
    {file = "libusb_package-1.0.26.2-cp311-cp311-win32.whl", hash = "sha256:f1bed2fe1ce230e37826dc25fc077ae892d9edfe9d312aea112f3cbeba2a8588"},
    {file = "libusb_package-1.0.26.2-cp311-cp311-win_amd64.whl", hash = "sha256:982a03c4cd4a5509540f18b127f5b873d54019d5cdc1438f07529dc9080be633"},
    {file = "libusb_package-1.0.26.2-cp37-cp37m-macosx_10_9_x86_64.whl", hash = "sha256:a76378f89cbdf457573b94a889666306f0fac2ab55d0e0b2aa26c8dcec9ac587"},
    {file = "libusb_package-1.0.26.2-cp37-cp37m-manylinux_2_17_aarch64.manylinux2014_aarch64.whl", hash = "sha256:ad8c5ed9a82efcffaa5bb216f8d39a8a244235a98fa14d2e837ef8088a068745"},
    {file = "libusb_package-1.0.26.2-cp37-cp37m-manylinux_2_17_i686.manylinux2014_i686.whl", hash = "sha256:d95f3ddc12380ebd024e2c9a1ee4e0a34555275ddcc6658962df1379fedfaef4"},
    {file = "libusb_package-1.0.26.2-cp37-cp37m-manylinux_2_17_x86_64.manylinux2014_x86_64.whl", hash = "sha256:8803e41bc1c5c5c1c16bb873308fc9cb4613ee51688084e94976d887e3d588b0"},
    {file = "libusb_package-1.0.26.2-cp37-cp37m-musllinux_1_1_aarch64.whl", hash = "sha256:b6d74c3ba47d914c874bef8aa0efc0af99e07b44b7f735cde9ff93573ca33ad2"},
    {file = "libusb_package-1.0.26.2-cp37-cp37m-musllinux_1_1_i686.whl", hash = "sha256:62df8d3f38482864c35347978184c095556796e3af4005f24091dd5bcbed5b0a"},
    {file = "libusb_package-1.0.26.2-cp37-cp37m-musllinux_1_1_x86_64.whl", hash = "sha256:95cfd34bc9ddc4e4d2dbcec1ecf15c68ea0243d75518b13b69450d672189f3d7"},
    {file = "libusb_package-1.0.26.2-cp37-cp37m-win32.whl", hash = "sha256:818115cb123281fa54dc80cfa1033da95a0b0b481adb967e4147d726468a42a5"},
    {file = "libusb_package-1.0.26.2-cp37-cp37m-win_amd64.whl", hash = "sha256:9a109ab311327ce036b9ee0d984935009e0dad45a8a8c8387f580fa11ccfe6fc"},
    {file = "libusb_package-1.0.26.2-cp38-cp38-macosx_10_9_x86_64.whl", hash = "sha256:b158e37423191bfa42d14366ed4dc4fea0f4b6fcc0ad3d180711b8e9609bcd02"},
    {file = "libusb_package-1.0.26.2-cp38-cp38-macosx_11_0_arm64.whl", hash = "sha256:092ea7d50734750197459b7c37e024142cabd090df80cbda9254d8d93bd51ee5"},
    {file = "libusb_package-1.0.26.2-cp38-cp38-manylinux_2_17_aarch64.manylinux2014_aarch64.whl", hash = "sha256:c9cb4e98e44efc87a0bbdcd231101797518a688cc2528355b9200a0f4b18522e"},
    {file = "libusb_package-1.0.26.2-cp38-cp38-manylinux_2_17_i686.manylinux2014_i686.whl", hash = "sha256:b655fded7314065a60e088d2e49b014155a700a96b01af081abb914ce1fa2e96"},
    {file = "libusb_package-1.0.26.2-cp38-cp38-manylinux_2_17_x86_64.manylinux2014_x86_64.whl", hash = "sha256:93a59c9fdb4d76f2c4bb93c4fbc3c7450c746082e9aa9ba71d2b8f87a958121e"},
    {file = "libusb_package-1.0.26.2-cp38-cp38-musllinux_1_1_aarch64.whl", hash = "sha256:f132290e962af25fd89a64c0960d5f5d2b46aab647bc52a959b09742d3a3a3b0"},
    {file = "libusb_package-1.0.26.2-cp38-cp38-musllinux_1_1_i686.whl", hash = "sha256:6a4875c15a3a6c19c999c7f11ff533bd7abadbc1e581f1c4135b0225344fdd94"},
    {file = "libusb_package-1.0.26.2-cp38-cp38-musllinux_1_1_x86_64.whl", hash = "sha256:50a1c23c05a966094e1cc3876109228dc966e1d31cec6ffb69a6b2cde5d4049f"},
    {file = "libusb_package-1.0.26.2-cp38-cp38-win32.whl", hash = "sha256:40befc6b6b774cfc34d19b79ba04800494150f256709f0b8e76f5f05b1c1c9ac"},
    {file = "libusb_package-1.0.26.2-cp38-cp38-win_amd64.whl", hash = "sha256:1c68660a83d25a32fccc9aa2d300800a3b523508268f01edc322fb2f68cf04a7"},
    {file = "libusb_package-1.0.26.2-cp39-cp39-macosx_10_9_x86_64.whl", hash = "sha256:57f186097f3086b0fbaf91f823a70df0993f098c5780db2bfd941184a6e5fa42"},
    {file = "libusb_package-1.0.26.2-cp39-cp39-macosx_11_0_arm64.whl", hash = "sha256:67069b698c79c53e704b67b10147b94ca8e7cfb55fb84010c3d38218bda51c03"},
    {file = "libusb_package-1.0.26.2-cp39-cp39-manylinux_2_17_aarch64.manylinux2014_aarch64.whl", hash = "sha256:51961a3b2e5eb7c276052d4a5d347de1b6d128751eae576e7162f95f6d1e466d"},
    {file = "libusb_package-1.0.26.2-cp39-cp39-manylinux_2_17_i686.manylinux2014_i686.whl", hash = "sha256:21304366f16aa684f6b2fc49a8603e8e1eb3c61f2db60cdbdea71ef4d8ea166b"},
    {file = "libusb_package-1.0.26.2-cp39-cp39-manylinux_2_17_x86_64.manylinux2014_x86_64.whl", hash = "sha256:613c5ff62c19c18b248de2159a6c4093e8adac8f9f5655e8f32e71a9cb36e5df"},
    {file = "libusb_package-1.0.26.2-cp39-cp39-musllinux_1_1_aarch64.whl", hash = "sha256:d69bf72ebdba7f892e9cf45fe55f8308b4b683db887728da28c3721cd6a624fd"},
    {file = "libusb_package-1.0.26.2-cp39-cp39-musllinux_1_1_i686.whl", hash = "sha256:45e791e7083a7b4500cdaff0854ff3f74da31d0d375c6f86aab70ae629934829"},
    {file = "libusb_package-1.0.26.2-cp39-cp39-musllinux_1_1_x86_64.whl", hash = "sha256:8b4e7f01b359e8178d2112b2eefdccbfe2fd36a1e57dbcebf1678aef266e691a"},
    {file = "libusb_package-1.0.26.2-cp39-cp39-win32.whl", hash = "sha256:051feb717910fc868da437d271bcaa2d0b59fce951f304821a3139ababb3d69f"},
    {file = "libusb_package-1.0.26.2-cp39-cp39-win_amd64.whl", hash = "sha256:ad1d6b7e8e2323a222b4f968f16f27dbe91f48e4c8cc802bf27022e324b8b99b"},
    {file = "libusb_package-1.0.26.2-pp37-pypy37_pp73-macosx_10_9_x86_64.whl", hash = "sha256:bea164dbeff193a052a2d64896dd136c0bfccd8b3000a2d233d2d23cddf18436"},
    {file = "libusb_package-1.0.26.2-pp37-pypy37_pp73-manylinux_2_17_aarch64.manylinux2014_aarch64.whl", hash = "sha256:18e77e0b2a30b72c963adb99c520f78414ab91940d97acba745ff791eb3477dd"},
    {file = "libusb_package-1.0.26.2-pp37-pypy37_pp73-manylinux_2_17_i686.manylinux2014_i686.whl", hash = "sha256:cc14c8b37f9acebadbf7b1ab7c788826e67dfecf4a872c6a2698777716856333"},
    {file = "libusb_package-1.0.26.2-pp37-pypy37_pp73-manylinux_2_17_x86_64.manylinux2014_x86_64.whl", hash = "sha256:fba4e8fc77865cbf7464f5a847129c282a8bd26868da160b2b90d61c67192d4b"},
    {file = "libusb_package-1.0.26.2-pp37-pypy37_pp73-win_amd64.whl", hash = "sha256:86ffd4480e578e86277f5d2c65aad30db21c02bb7b8a439c44585ca65bb7fe7c"},
    {file = "libusb_package-1.0.26.2-pp38-pypy38_pp73-macosx_10_9_x86_64.whl", hash = "sha256:28e5867f8a290ca3a448954d1d34b875ba7d0e5f775e4c775f9eebdecc68dfb1"},
    {file = "libusb_package-1.0.26.2-pp38-pypy38_pp73-manylinux_2_17_aarch64.manylinux2014_aarch64.whl", hash = "sha256:229d40f83a1d8ae0cd9d111a829972224527573a98487d092496840b98a82af2"},
    {file = "libusb_package-1.0.26.2-pp38-pypy38_pp73-manylinux_2_17_i686.manylinux2014_i686.whl", hash = "sha256:5186ed5c9bf04f50aec6b30d4795ff48f227137a2f6c92b2d6503a29b0b9761b"},
    {file = "libusb_package-1.0.26.2-pp38-pypy38_pp73-manylinux_2_17_x86_64.manylinux2014_x86_64.whl", hash = "sha256:c1e01a04d7115900b6fb864b822d04a06159bc1c57dbefd119fad09506f7d242"},
    {file = "libusb_package-1.0.26.2-pp38-pypy38_pp73-win_amd64.whl", hash = "sha256:960069cd1478996e7f00d9c98347bfb1804f14e309fa1f00cbd26136dc1074f8"},
    {file = "libusb_package-1.0.26.2-pp39-pypy39_pp73-macosx_10_9_x86_64.whl", hash = "sha256:0970e9e92bc13564fe75c3fc74e60601cb31866fc0345cb1f6461b9f983d6062"},
    {file = "libusb_package-1.0.26.2-pp39-pypy39_pp73-manylinux_2_17_aarch64.manylinux2014_aarch64.whl", hash = "sha256:75ec775bf3950ca2f9287ae86637a6de8a9a8addf463bfb176026403ea78c64b"},
    {file = "libusb_package-1.0.26.2-pp39-pypy39_pp73-manylinux_2_17_i686.manylinux2014_i686.whl", hash = "sha256:74d0b0bd2a284d3ba9b1b99c334171230d88658ef2d64e2f83a71dc28c65f2da"},
    {file = "libusb_package-1.0.26.2-pp39-pypy39_pp73-manylinux_2_17_x86_64.manylinux2014_x86_64.whl", hash = "sha256:7a96262d51f2714a250cf89e063f354a621d81438a7019bca5035e3ab4a65988"},
    {file = "libusb_package-1.0.26.2-pp39-pypy39_pp73-win_amd64.whl", hash = "sha256:5fbd4ea17c36806c94e6c2fc4d6a6548c628c0ad874937b0953946d49f29f23b"},
]

[package.dependencies]
importlib-resources = "*"

[[package]]
name = "numpy"
version = "1.25.0"
description = "Fundamental package for array computing in Python"
optional = false
python-versions = ">=3.9"
files = [
    {file = "numpy-1.25.0-cp310-cp310-macosx_10_9_x86_64.whl", hash = "sha256:8aa130c3042052d656751df5e81f6d61edff3e289b5994edcf77f54118a8d9f4"},
    {file = "numpy-1.25.0-cp310-cp310-macosx_11_0_arm64.whl", hash = "sha256:9e3f2b96e3b63c978bc29daaa3700c028fe3f049ea3031b58aa33fe2a5809d24"},
    {file = "numpy-1.25.0-cp310-cp310-manylinux_2_17_aarch64.manylinux2014_aarch64.whl", hash = "sha256:d6b267f349a99d3908b56645eebf340cb58f01bd1e773b4eea1a905b3f0e4208"},
    {file = "numpy-1.25.0-cp310-cp310-manylinux_2_17_x86_64.manylinux2014_x86_64.whl", hash = "sha256:4aedd08f15d3045a4e9c648f1e04daca2ab1044256959f1f95aafeeb3d794c16"},
    {file = "numpy-1.25.0-cp310-cp310-musllinux_1_1_x86_64.whl", hash = "sha256:6d183b5c58513f74225c376643234c369468e02947b47942eacbb23c1671f25d"},
    {file = "numpy-1.25.0-cp310-cp310-win32.whl", hash = "sha256:d76a84998c51b8b68b40448ddd02bd1081bb33abcdc28beee6cd284fe11036c6"},
    {file = "numpy-1.25.0-cp310-cp310-win_amd64.whl", hash = "sha256:c0dc071017bc00abb7d7201bac06fa80333c6314477b3d10b52b58fa6a6e38f6"},
    {file = "numpy-1.25.0-cp311-cp311-macosx_10_9_x86_64.whl", hash = "sha256:4c69fe5f05eea336b7a740e114dec995e2f927003c30702d896892403df6dbf0"},
    {file = "numpy-1.25.0-cp311-cp311-macosx_11_0_arm64.whl", hash = "sha256:9c7211d7920b97aeca7b3773a6783492b5b93baba39e7c36054f6e749fc7490c"},
    {file = "numpy-1.25.0-cp311-cp311-manylinux_2_17_aarch64.manylinux2014_aarch64.whl", hash = "sha256:ecc68f11404930e9c7ecfc937aa423e1e50158317bf67ca91736a9864eae0232"},
    {file = "numpy-1.25.0-cp311-cp311-manylinux_2_17_x86_64.manylinux2014_x86_64.whl", hash = "sha256:e559c6afbca484072a98a51b6fa466aae785cfe89b69e8b856c3191bc8872a82"},
    {file = "numpy-1.25.0-cp311-cp311-musllinux_1_1_x86_64.whl", hash = "sha256:6c284907e37f5e04d2412950960894b143a648dea3f79290757eb878b91acbd1"},
    {file = "numpy-1.25.0-cp311-cp311-win32.whl", hash = "sha256:95367ccd88c07af21b379be1725b5322362bb83679d36691f124a16357390153"},
    {file = "numpy-1.25.0-cp311-cp311-win_amd64.whl", hash = "sha256:b76aa836a952059d70a2788a2d98cb2a533ccd46222558b6970348939e55fc24"},
    {file = "numpy-1.25.0-cp39-cp39-macosx_10_9_x86_64.whl", hash = "sha256:b792164e539d99d93e4e5e09ae10f8cbe5466de7d759fc155e075237e0c274e4"},
    {file = "numpy-1.25.0-cp39-cp39-macosx_11_0_arm64.whl", hash = "sha256:7cd981ccc0afe49b9883f14761bb57c964df71124dcd155b0cba2b591f0d64b9"},
    {file = "numpy-1.25.0-cp39-cp39-manylinux_2_17_aarch64.manylinux2014_aarch64.whl", hash = "sha256:5aa48bebfb41f93043a796128854b84407d4df730d3fb6e5dc36402f5cd594c0"},
    {file = "numpy-1.25.0-cp39-cp39-manylinux_2_17_x86_64.manylinux2014_x86_64.whl", hash = "sha256:5177310ac2e63d6603f659fadc1e7bab33dd5a8db4e0596df34214eeab0fee3b"},
    {file = "numpy-1.25.0-cp39-cp39-musllinux_1_1_x86_64.whl", hash = "sha256:0ac6edfb35d2a99aaf102b509c8e9319c499ebd4978df4971b94419a116d0790"},
    {file = "numpy-1.25.0-cp39-cp39-win32.whl", hash = "sha256:7412125b4f18aeddca2ecd7219ea2d2708f697943e6f624be41aa5f8a9852cc4"},
    {file = "numpy-1.25.0-cp39-cp39-win_amd64.whl", hash = "sha256:26815c6c8498dc49d81faa76d61078c4f9f0859ce7817919021b9eba72b425e3"},
    {file = "numpy-1.25.0-pp39-pypy39_pp73-macosx_10_9_x86_64.whl", hash = "sha256:5b1b90860bf7d8a8c313b372d4f27343a54f415b20fb69dd601b7efe1029c91e"},
    {file = "numpy-1.25.0-pp39-pypy39_pp73-manylinux_2_17_x86_64.manylinux2014_x86_64.whl", hash = "sha256:85cdae87d8c136fd4da4dad1e48064d700f63e923d5af6c8c782ac0df8044542"},
    {file = "numpy-1.25.0-pp39-pypy39_pp73-win_amd64.whl", hash = "sha256:cc3fda2b36482891db1060f00f881c77f9423eead4c3579629940a3e12095fe8"},
    {file = "numpy-1.25.0.tar.gz", hash = "sha256:f1accae9a28dc3cda46a91de86acf69de0d1b5f4edd44a9b0c3ceb8036dfff19"},
]

[[package]]
name = "pyqt5"
version = "5.15.9"
description = "Python bindings for the Qt cross platform application toolkit"
optional = false
python-versions = ">=3.7"
files = [
    {file = "PyQt5-5.15.9-cp37-abi3-macosx_10_13_x86_64.whl", hash = "sha256:883ba5c8a348be78c8be6a3d3ba014c798e679503bce00d76c666c2dc6afe828"},
    {file = "PyQt5-5.15.9-cp37-abi3-manylinux_2_17_x86_64.whl", hash = "sha256:dd5ce10e79fbf1df29507d2daf99270f2057cdd25e4de6fbf2052b46c652e3a5"},
    {file = "PyQt5-5.15.9-cp37-abi3-win32.whl", hash = "sha256:e45c5cc15d4fd26ab5cb0e5cdba60691a3e9086411f8e3662db07a5a4222a696"},
    {file = "PyQt5-5.15.9-cp37-abi3-win_amd64.whl", hash = "sha256:e030d795df4cbbfcf4f38b18e2e119bcc9e177ef658a5094b87bb16cac0ce4c5"},
    {file = "PyQt5-5.15.9.tar.gz", hash = "sha256:dc41e8401a90dc3e2b692b411bd5492ab559ae27a27424eed4bd3915564ec4c0"},
]

[package.dependencies]
PyQt5-Qt5 = ">=5.15.2"
PyQt5-sip = ">=12.11,<13"

[[package]]
name = "pyqt5-qt5"
version = "5.15.2"
description = "The subset of a Qt installation needed by PyQt5."
optional = false
python-versions = "*"
files = [
    {file = "PyQt5_Qt5-5.15.2-py3-none-macosx_10_13_intel.whl", hash = "sha256:76980cd3d7ae87e3c7a33bfebfaee84448fd650bad6840471d6cae199b56e154"},
    {file = "PyQt5_Qt5-5.15.2-py3-none-manylinux2014_x86_64.whl", hash = "sha256:1988f364ec8caf87a6ee5d5a3a5210d57539988bf8e84714c7d60972692e2f4a"},
    {file = "PyQt5_Qt5-5.15.2-py3-none-win32.whl", hash = "sha256:9cc7a768b1921f4b982ebc00a318ccb38578e44e45316c7a4a850e953e1dd327"},
    {file = "PyQt5_Qt5-5.15.2-py3-none-win_amd64.whl", hash = "sha256:750b78e4dba6bdf1607febedc08738e318ea09e9b10aea9ff0d73073f11f6962"},
]

[[package]]
name = "pyqt5-sip"
version = "12.12.1"
description = "The sip module support for PyQt5"
optional = false
python-versions = ">=3.7"
files = [
    {file = "PyQt5_sip-12.12.1-cp310-cp310-macosx_10_9_universal2.whl", hash = "sha256:7ed598ff1b666f9e5e0214be7840f308f8fb347fe416a2a45fbedab046a7120b"},
    {file = "PyQt5_sip-12.12.1-cp310-cp310-manylinux_2_5_x86_64.manylinux1_x86_64.whl", hash = "sha256:644310dcfed4373075bc576717eea60b0f49899beb5cffb204ddaf5f27cddb85"},
    {file = "PyQt5_sip-12.12.1-cp310-cp310-win32.whl", hash = "sha256:51720277a53d99bac0914fb970970c9c2ec1a6ab3b7cc5580909d37d9cc6b152"},
    {file = "PyQt5_sip-12.12.1-cp310-cp310-win_amd64.whl", hash = "sha256:2a344855b9c57d37cf000afa46967961122fb1867faee4f53054ebaa1ce51e24"},
    {file = "PyQt5_sip-12.12.1-cp311-cp311-macosx_10_9_universal2.whl", hash = "sha256:59229c8d30141220a472ba4e4212846e8bf0bed84c32cbeb57f70fe727c6dfc2"},
    {file = "PyQt5_sip-12.12.1-cp311-cp311-manylinux_2_5_x86_64.manylinux1_x86_64.whl", hash = "sha256:5a9cbcfe8c15d3a34ef33570f0b0130b8ba68b98fd6ec92c28202b186f3ab870"},
    {file = "PyQt5_sip-12.12.1-cp311-cp311-win32.whl", hash = "sha256:7afc6ec06e79a3e0a7b447e28ef46dad372bdca32e7eff0dcbac6bc53b69a070"},
    {file = "PyQt5_sip-12.12.1-cp311-cp311-win_amd64.whl", hash = "sha256:b5b7a6c76fe3eb6b245ac6599c807b18e9a718167878a0b547db1d071a914c08"},
    {file = "PyQt5_sip-12.12.1-cp37-cp37m-macosx_10_9_x86_64.whl", hash = "sha256:3dad0b2bbe0bae4916e43610186d425cd186469b2e6c7ff853177c113b6af6ed"},
    {file = "PyQt5_sip-12.12.1-cp37-cp37m-manylinux_2_5_x86_64.manylinux1_x86_64.whl", hash = "sha256:d1378815b15198ce6dddd367fbd81f5c018ce473a89ae938b7a58e1d97f25b10"},
    {file = "PyQt5_sip-12.12.1-cp37-cp37m-win32.whl", hash = "sha256:2e3d444f5cb81261c22e7c9d3a9a4484bb9db7a1a3077559100175d36297d1da"},
    {file = "PyQt5_sip-12.12.1-cp37-cp37m-win_amd64.whl", hash = "sha256:eee684532876775e1d0fa20d4aae1b568aaa6c732d74e6657ee832e427d46947"},
    {file = "PyQt5_sip-12.12.1-cp38-cp38-macosx_10_9_x86_64.whl", hash = "sha256:1364f460ae07fc2f4c42dd7a3b3738611b29f5c033025e5e70b03e2687d4bda4"},
    {file = "PyQt5_sip-12.12.1-cp38-cp38-manylinux_2_5_x86_64.manylinux1_x86_64.whl", hash = "sha256:6cb6139b00e347e7d961467d092e67c47a97893bc6ab83104bcaf50bf4815036"},
    {file = "PyQt5_sip-12.12.1-cp38-cp38-win32.whl", hash = "sha256:9e21e11eb6fb468affe0d72ff922788c2adc124480bb274941fce93ddb122b8f"},
    {file = "PyQt5_sip-12.12.1-cp38-cp38-win_amd64.whl", hash = "sha256:f5ac060219c127a5b9009a4cfe33086e36c6bb8e26c0b757b31a6c04d29d630d"},
    {file = "PyQt5_sip-12.12.1-cp39-cp39-macosx_10_9_universal2.whl", hash = "sha256:a65f5869f3f35330c920c1b218319140c0b84f8c49a20727b5e3df2acd496833"},
    {file = "PyQt5_sip-12.12.1-cp39-cp39-manylinux_2_5_x86_64.manylinux1_x86_64.whl", hash = "sha256:e0241b62f5ca9aaff1037f12e6f5ed68168e7200e14e73f05b632381cee0ff4b"},
    {file = "PyQt5_sip-12.12.1-cp39-cp39-win32.whl", hash = "sha256:0e30f6c9b99161d8a524d8b7aa5a001be5fe002797151c27414066b838beaa4e"},
    {file = "PyQt5_sip-12.12.1-cp39-cp39-win_amd64.whl", hash = "sha256:8a2e48a331024a225128f94f5d0fb8089e924419693b2e03eda4d5dbc4313b52"},
    {file = "PyQt5_sip-12.12.1.tar.gz", hash = "sha256:8fdc6e0148abd12d977a1d3828e7b79aae958e83c6cb5adae614916d888a6b10"},
]

[[package]]
name = "pyqtgraph"
version = "0.13.3"
description = "Scientific Graphics and GUI Library for Python"
optional = false
python-versions = ">=3.8"
files = [
    {file = "pyqtgraph-0.13.3-py3-none-any.whl", hash = "sha256:fdcc04ac4b32a7bedf1bf3cf74cbb93ab3ba5687791712bbfa8d0712377d2f2b"},
    {file = "pyqtgraph-0.13.3.tar.gz", hash = "sha256:58108d8411c7054e0841d8b791ee85e101fc296b9b359c0e01dde38a98ff2ace"},
]

[package.dependencies]
numpy = ">=1.20.0"

[[package]]
name = "pyserial"
version = "3.5"
description = "Python Serial Port Extension"
optional = false
python-versions = "*"
files = [
    {file = "pyserial-3.5-py2.py3-none-any.whl", hash = "sha256:c4451db6ba391ca6ca299fb3ec7bae67a5c55dde170964c7a14ceefec02f2cf0"},
    {file = "pyserial-3.5.tar.gz", hash = "sha256:3c77e014170dfffbd816e6ffc205e9842efb10be9f58ec16d3e8675b4925cddb"},
]

[package.extras]
cp2110 = ["hidapi"]

[[package]]
name = "pyusb"
version = "1.2.1"
description = "Python USB access module"
optional = false
python-versions = ">=3.6.0"
files = [
    {file = "pyusb-1.2.1-py3-none-any.whl", hash = "sha256:2b4c7cb86dbadf044dfb9d3a4ff69fd217013dbe78a792177a3feb172449ea36"},
    {file = "pyusb-1.2.1.tar.gz", hash = "sha256:a4cc7404a203144754164b8b40994e2849fde1cfff06b08492f12fff9d9de7b9"},
]

[[package]]
name = "scipy"
version = "1.11.1"
description = "Fundamental algorithms for scientific computing in Python"
optional = false
python-versions = "<3.13,>=3.9"
files = [
    {file = "scipy-1.11.1-cp310-cp310-macosx_10_9_x86_64.whl", hash = "sha256:aec8c62fbe52914f9cf28d846cf0401dd80ab80788bbab909434eb336ed07c04"},
    {file = "scipy-1.11.1-cp310-cp310-macosx_12_0_arm64.whl", hash = "sha256:3b9963798df1d8a52db41a6fc0e6fa65b1c60e85d73da27ae8bb754de4792481"},
    {file = "scipy-1.11.1-cp310-cp310-manylinux_2_17_aarch64.manylinux2014_aarch64.whl", hash = "sha256:3e8eb42db36526b130dfbc417609498a6192381abc1975b91e3eb238e0b41c1a"},
    {file = "scipy-1.11.1-cp310-cp310-manylinux_2_17_x86_64.manylinux2014_x86_64.whl", hash = "sha256:366a6a937110d80dca4f63b3f5b00cc89d36f678b2d124a01067b154e692bab1"},
    {file = "scipy-1.11.1-cp310-cp310-musllinux_1_1_x86_64.whl", hash = "sha256:08d957ca82d3535b3b9ba6c8ff355d78fe975271874e2af267cb5add5bd78625"},
    {file = "scipy-1.11.1-cp310-cp310-win_amd64.whl", hash = "sha256:e866514bc2d660608447b6ba95c8900d591f2865c07cca0aa4f7ff3c4ca70f30"},
    {file = "scipy-1.11.1-cp311-cp311-macosx_10_9_x86_64.whl", hash = "sha256:ba94eeef3c9caa4cea7b402a35bb02a5714ee1ee77eb98aca1eed4543beb0f4c"},
    {file = "scipy-1.11.1-cp311-cp311-macosx_12_0_arm64.whl", hash = "sha256:512fdc18c65f76dadaca139348e525646d440220d8d05f6d21965b8d4466bccd"},
    {file = "scipy-1.11.1-cp311-cp311-manylinux_2_17_aarch64.manylinux2014_aarch64.whl", hash = "sha256:cce154372f0ebe88556ed06d7b196e9c2e0c13080ecb58d0f35062dc7cc28b47"},
    {file = "scipy-1.11.1-cp311-cp311-manylinux_2_17_x86_64.manylinux2014_x86_64.whl", hash = "sha256:b4bb943010203465ac81efa392e4645265077b4d9e99b66cf3ed33ae12254173"},
    {file = "scipy-1.11.1-cp311-cp311-musllinux_1_1_x86_64.whl", hash = "sha256:249cfa465c379c9bb2c20123001e151ff5e29b351cbb7f9c91587260602c58d0"},
    {file = "scipy-1.11.1-cp311-cp311-win_amd64.whl", hash = "sha256:ffb28e3fa31b9c376d0fb1f74c1f13911c8c154a760312fbee87a21eb21efe31"},
    {file = "scipy-1.11.1-cp39-cp39-macosx_10_9_x86_64.whl", hash = "sha256:39154437654260a52871dfde852adf1b93b1d1bc5dc0ffa70068f16ec0be2624"},
    {file = "scipy-1.11.1-cp39-cp39-macosx_12_0_arm64.whl", hash = "sha256:b588311875c58d1acd4ef17c983b9f1ab5391755a47c3d70b6bd503a45bfaf71"},
    {file = "scipy-1.11.1-cp39-cp39-manylinux_2_17_aarch64.manylinux2014_aarch64.whl", hash = "sha256:d51565560565a0307ed06fa0ec4c6f21ff094947d4844d6068ed04400c72d0c3"},
    {file = "scipy-1.11.1-cp39-cp39-manylinux_2_17_x86_64.manylinux2014_x86_64.whl", hash = "sha256:b41a0f322b4eb51b078cb3441e950ad661ede490c3aca66edef66f4b37ab1877"},
    {file = "scipy-1.11.1-cp39-cp39-musllinux_1_1_x86_64.whl", hash = "sha256:396fae3f8c12ad14c5f3eb40499fd06a6fef8393a6baa352a652ecd51e74e029"},
    {file = "scipy-1.11.1-cp39-cp39-win_amd64.whl", hash = "sha256:be8c962a821957fdde8c4044efdab7a140c13294997a407eaee777acf63cbf0c"},
    {file = "scipy-1.11.1.tar.gz", hash = "sha256:fb5b492fa035334fd249f0973cc79ecad8b09c604b42a127a677b45a9a3d4289"},
]

[package.dependencies]
numpy = ">=1.21.6,<1.28.0"

[package.extras]
dev = ["click", "cython-lint (>=0.12.2)", "doit (>=0.36.0)", "mypy", "pycodestyle", "pydevtool", "rich-click", "ruff", "types-psutil", "typing_extensions"]
doc = ["jupytext", "matplotlib (>2)", "myst-nb", "numpydoc", "pooch", "pydata-sphinx-theme (==0.9.0)", "sphinx (!=4.1.0)", "sphinx-design (>=0.2.0)"]
test = ["asv", "gmpy2", "mpmath", "pooch", "pytest", "pytest-cov", "pytest-timeout", "pytest-xdist", "scikit-umfpack", "threadpoolctl"]

[[package]]
name = "vectormath"
version = "0.2.2"
description = "vectormath: vector math utilities for Python"
optional = false
python-versions = "*"
files = [
    {file = "vectormath-0.2.2.tar.gz", hash = "sha256:f9f9209d350ec89dc11e2548e0e6397c1b9489c8468eb50ce33788ee4322a7b8"},
]

[package.dependencies]
numpy = ">=1.7"

[[package]]
name = "zipp"
version = "3.16.0"
description = "Backport of pathlib-compatible object wrapper for zip files"
optional = false
python-versions = ">=3.8"
files = [
    {file = "zipp-3.16.0-py3-none-any.whl", hash = "sha256:5dadc3ad0a1f825fe42ce1bce0f2fc5a13af2e6b2d386af5b0ff295bc0a287d3"},
    {file = "zipp-3.16.0.tar.gz", hash = "sha256:1876cb065531855bbe83b6c489dcf69ecc28f1068d8e95959fe8bbc77774c941"},
]

[package.extras]
docs = ["furo", "jaraco.packaging (>=9.3)", "jaraco.tidelift (>=1.4)", "rst.linker (>=1.9)", "sphinx (>=3.5)", "sphinx-lint"]
testing = ["big-O", "jaraco.functools", "jaraco.itertools", "more-itertools", "pytest (>=6)", "pytest-black (>=0.3.7)", "pytest-checkdocs (>=2.4)", "pytest-cov", "pytest-enabler (>=2.2)", "pytest-mypy (>=0.9.1)", "pytest-ruff"]

[metadata]
lock-version = "2.0"
python-versions = ">=3.9,<3.13"
content-hash = "c6d108729f662ce25d7c690eed2efdd820bbbb66bffa5afb2793b93054bd4852"
